
Microsoft Visual Studio Solution File, Format Version 12.00
# Visual Studio Version 17
VisualStudioVersion = 17.14.36414.22
MinimumVisualStudioVersion = 10.0.40219.1
Project("{FAE04EC0-301F-11D3-BF4B-00C04F79EFBC}") = "OneCard", "OneCard.csproj", "{004F2ACF-B7A2-4BA4-99CF-FC8CB53078B7}"
EndProject
Project("{2150E333-8FDC-42A3-9474-1A3956D46DE8}") = "Card", "Card", "{C8D5274F-AC00-46C7-1F8D-E88E81087A52}"
	ProjectSection(SolutionItems) = preProject
		Card.cs = Card.cs
		CardDeck.cs = CardDeck.cs
		CardDeck_DrawMethod.cs = CardDeck_DrawMethod.cs
	EndProjectSection
EndProject
Project("{2150E333-8FDC-42A3-9474-1A3956D46DE8}") = "Player", "Player", "{A375CCDE-B1B6-4992-A559-83F71D74BABB}"
	ProjectSection(SolutionItems) = preProject
		Abstract_Player.cs = Abstract_Player.cs
		Abstract_Player_Method.cs = Abstract_Player_Method.cs
		AutoPlayer.cs = AutoPlayer.cs
		Player.cs = Player.cs
		player_method.cs = player_method.cs
	EndProjectSection
EndProject
Project("{2150E333-8FDC-42A3-9474-1A3956D46DE8}") = "Enum", "Enum", "{7902220C-82BA-42D8-9135-EA8ADD88893C}"
	ProjectSection(SolutionItems) = preProject
		Enums.cs = Enums.cs
	EndProjectSection
EndProject
Project("{2150E333-8FDC-42A3-9474-1A3956D46DE8}") = "Manager", "Manager", "{C9339435-85F4-410E-90D2-CB34C75DF8BB}"
	ProjectSection(SolutionItems) = preProject
		DisplayManager.cs = DisplayManager.cs
		MenuManager.cs = MenuManager.cs
		PlayManager.cs = PlayManager.cs
	EndProjectSection
EndProject
Project("{2150E333-8FDC-42A3-9474-1A3956D46DE8}") = "Design", "Design", "{D6A260DD-7438-4547-ADA1-49B37A9602CB}"
	ProjectSection(SolutionItems) = preProject
		CardACIIArt.cs = CardACIIArt.cs
	EndProjectSection
EndProject
Project("{2150E333-8FDC-42A3-9474-1A3956D46DE8}") = "Extension_Method", "Extension_Method", "{14D4BFD3-AA51-4ACA-A2B9-E8F52B4B4E9F}"
EndProject
Global
	GlobalSection(SolutionConfigurationPlatforms) = preSolution
		Debug|Any CPU = Debug|Any CPU
		Release|Any CPU = Release|Any CPU
	EndGlobalSection
	GlobalSection(ProjectConfigurationPlatforms) = postSolution
		{004F2ACF-B7A2-4BA4-99CF-FC8CB53078B7}.Debug|Any CPU.ActiveCfg = Debug|Any CPU
		{004F2ACF-B7A2-4BA4-99CF-FC8CB53078B7}.Debug|Any CPU.Build.0 = Debug|Any CPU
		{004F2ACF-B7A2-4BA4-99CF-FC8CB53078B7}.Release|Any CPU.ActiveCfg = Release|Any CPU
		{004F2ACF-B7A2-4BA4-99CF-FC8CB53078B7}.Release|Any CPU.Build.0 = Release|Any CPU
	EndGlobalSection
	GlobalSection(SolutionProperties) = preSolution
		HideSolutionNode = FALSE
	EndGlobalSection
	GlobalSection(ExtensibilityGlobals) = postSolution
		SolutionGuid = {E970F4E3-416E-459A-96DD-5DE3FDA76A4D}
	EndGlobalSection
EndGlobal
